
Microsoft Visual Studio Solution File, Format Version 12.00
# Visual Studio Version 17
VisualStudioVersion = 17.5.002.0
MinimumVisualStudioVersion = 10.0.40219.1
Project("{9A19103F-16F7-4668-BE54-9A1E7A4F7556}") = "Game", "Game.csproj", "{9797FA7A-39AC-4E41-9FD0-20273C872FC8}"
EndProject
Global
	GlobalSection(SolutionConfigurationPlatforms) = preSolution
		Debug|Any CPU = Debug|Any CPU
		Release|Any CPU = Release|Any CPU
	EndGlobalSection
	GlobalSection(ProjectConfigurationPlatforms) = postSolution
		{9797FA7A-39AC-4E41-9FD0-20273C872FC8}.Debug|Any CPU.ActiveCfg = Debug|Any CPU
		{9797FA7A-39AC-4E41-9FD0-20273C872FC8}.Debug|Any CPU.Build.0 = Debug|Any CPU
		{9797FA7A-39AC-4E41-9FD0-20273C872FC8}.Release|Any CPU.ActiveCfg = Release|Any CPU
		{9797FA7A-39AC-4E41-9FD0-20273C872FC8}.Release|Any CPU.Build.0 = Release|Any CPU
	EndGlobalSection
	GlobalSection(SolutionProperties) = preSolution
		HideSolutionNode = FALSE
	EndGlobalSection
	GlobalSection(ExtensibilityGlobals) = postSolution
		SolutionGuid = {E88DB16A-120E-4578-B210-14181F242930}
	EndGlobalSection
EndGlobal
